// !$*UTF8*$!
{
	archiveVersion = 1;
	classes = {
	};
	objectVersion = 46;
	objects = {

/* Begin PBXBuildFile section */
		2EDC0BB61BA9C9A8004758ED /* main.m in Sources */ = {isa = PBXBuildFile; fileRef = 2EDC0BB51BA9C9A8004758ED /* main.m */; };
		2EDC0BB91BA9C9A8004758ED /* AppDelegate.m in Sources */ = {isa = PBXBuildFile; fileRef = 2EDC0BB81BA9C9A8004758ED /* AppDelegate.m */; };
		2EDC0BBC1BA9C9A8004758ED /* ViewController.m in Sources */ = {isa = PBXBuildFile; fileRef = 2EDC0BBB1BA9C9A8004758ED /* ViewController.m */; };
		2EDC0BBF1BA9C9A8004758ED /* Main.storyboard in Resources */ = {isa = PBXBuildFile; fileRef = 2EDC0BBD1BA9C9A8004758ED /* Main.storyboard */; };
		2EDC0BC11BA9C9A8004758ED /* Images.xcassets in Resources */ = {isa = PBXBuildFile; fileRef = 2EDC0BC01BA9C9A8004758ED /* Images.xcassets */; };
		2EDC0BC41BA9C9A8004758ED /* LaunchScreen.xib in Resources */ = {isa = PBXBuildFile; fileRef = 2EDC0BC21BA9C9A8004758ED /* LaunchScreen.xib */; };
		2EDC0BD01BA9C9A8004758ED /* ReativeCocoaTests.m in Sources */ = {isa = PBXBuildFile; fileRef = 2EDC0BCF1BA9C9A8004758ED /* ReativeCocoaTests.m */; };
/* End PBXBuildFile section */

/* Begin PBXContainerItemProxy section */
		2EDC0BCA1BA9C9A8004758ED /* PBXContainerItemProxy */ = {
			isa = PBXContainerItemProxy;
			containerPortal = 2EDC0BA81BA9C9A8004758ED /* Project object */;
			proxyType = 1;
			remoteGlobalIDString = 2EDC0BAF1BA9C9A8004758ED;
			remoteInfo = ReativeCocoa;
		};
/* End PBXContainerItemProxy section */

/* Begin PBXFileReference section */
		2EDC0BB01BA9C9A8004758ED /* ReativeCocoa.app */ = {isa = PBXFileReference; explicitFileType = wrapper.application; includeInIndex = 0; path = ReativeCocoa.app; sourceTree = BUILT_PRODUCTS_DIR; };
		2EDC0BB41BA9C9A8004758ED /* Info.plist */ = {isa = PBXFileReference; lastKnownFileType = text.plist.xml; path = Info.plist; sourceTree = "<group>"; };
		2EDC0BB51BA9C9A8004758ED /* main.m */ = {isa = PBXFileReference; lastKnownFileType = sourcecode.c.objc; path = main.m; sourceTree = "<group>"; };
		2EDC0BB71BA9C9A8004758ED /* AppDelegate.h */ = {isa = PBXFileReference; lastKnownFileType = sourcecode.c.h; path = AppDelegate.h; sourceTree = "<group>"; };
		2EDC0BB81BA9C9A8004758ED /* AppDelegate.m */ = {isa = PBXFileReference; lastKnownFileType = sourcecode.c.objc; path = AppDelegate.m; sourceTree = "<group>"; };
		2EDC0BBA1BA9C9A8004758ED /* ViewController.h */ = {isa = PBXFileReference; lastKnownFileType = sourcecode.c.h; path = ViewController.h; sourceTree = "<group>"; };
		2EDC0BBB1BA9C9A8004758ED /* ViewController.m */ = {isa = PBXFileReference; lastKnownFileType = sourcecode.c.objc; path = ViewController.m; sourceTree = "<group>"; };
		2EDC0BBE1BA9C9A8004758ED /* Base */ = {isa = PBXFileReference; lastKnownFileType = file.storyboard; name = Base; path = Base.lproj/Main.storyboard; sourceTree = "<group>"; };
		2EDC0BC01BA9C9A8004758ED /* Images.xcassets */ = {isa = PBXFileReference; lastKnownFileType = folder.assetcatalog; path = Images.xcassets; sourceTree = "<group>"; };
		2EDC0BC31BA9C9A8004758ED /* Base */ = {isa = PBXFileReference; lastKnownFileType = file.xib; name = Base; path = Base.lproj/LaunchScreen.xib; sourceTree = "<group>"; };
		2EDC0BC91BA9C9A8004758ED /* ReativeCocoaTests.xctest */ = {isa = PBXFileReference; explicitFileType = wrapper.cfbundle; includeInIndex = 0; path = ReativeCocoaTests.xctest; sourceTree = BUILT_PRODUCTS_DIR; };
		2EDC0BCE1BA9C9A8004758ED /* Info.plist */ = {isa = PBXFileReference; lastKnownFileType = text.plist.xml; path = Info.plist; sourceTree = "<group>"; };
		2EDC0BCF1BA9C9A8004758ED /* ReativeCocoaTests.m */ = {isa = PBXFileReference; lastKnownFileType = sourcecode.c.objc; path = ReativeCocoaTests.m; sourceTree = "<group>"; };
/* End PBXFileReference section */

/* Begin PBXFrameworksBuildPhase section */
		2EDC0BAD1BA9C9A8004758ED /* Frameworks */ = {
			isa = PBXFrameworksBuildPhase;
			buildActionMask = 2147483647;
			files = (
			);
			runOnlyForDeploymentPostprocessing = 0;
		};
		2EDC0BC61BA9C9A8004758ED /* Frameworks */ = {
			isa = PBXFrameworksBuildPhase;
			buildActionMask = 2147483647;
			files = (
			);
			runOnlyForDeploymentPostprocessing = 0;
		};
/* End PBXFrameworksBuildPhase section */

/* Begin PBXGroup section */
		2EDC0BA71BA9C9A8004758ED = {
			isa = PBXGroup;
			children = (
				2EDC0BB21BA9C9A8004758ED /* ReativeCocoa */,
				2EDC0BCC1BA9C9A8004758ED /* ReativeCocoaTests */,
				2EDC0BB11BA9C9A8004758ED /* Products */,
			);
			sourceTree = "<group>";
		};
		2EDC0BB11BA9C9A8004758ED /* Products */ = {
			isa = PBXGroup;
			children = (
				2EDC0BB01BA9C9A8004758ED /* ReativeCocoa.app */,
				2EDC0BC91BA9C9A8004758ED /* ReativeCocoaTests.xctest */,
			);
			name = Products;
			sourceTree = "<group>";
		};
		2EDC0BB21BA9C9A8004758ED /* ReativeCocoa */ = {
			isa = PBXGroup;
			children = (
				2EDC0BB71BA9C9A8004758ED /* AppDelegate.h */,
				2EDC0BB81BA9C9A8004758ED /* AppDelegate.m */,
				2EDC0BBA1BA9C9A8004758ED /* ViewController.h */,
				2EDC0BBB1BA9C9A8004758ED /* ViewController.m */,
				2EDC0BBD1BA9C9A8004758ED /* Main.storyboard */,
				2EDC0BC01BA9C9A8004758ED /* Images.xcassets */,
				2EDC0BC21BA9C9A8004758ED /* LaunchScreen.xib */,
				2EDC0BB31BA9C9A8004758ED /* Supporting Files */,
			);
			path = ReativeCocoa;
			sourceTree = "<group>";
		};
		2EDC0BB31BA9C9A8004758ED /* Supporting Files */ = {
			isa = PBXGroup;
			children = (
				2EDC0BB41BA9C9A8004758ED /* Info.plist */,
				2EDC0BB51BA9C9A8004758ED /* main.m */,
			);
			name = "Supporting Files";
			sourceTree = "<group>";
		};
		2EDC0BCC1BA9C9A8004758ED /* ReativeCocoaTests */ = {
			isa = PBXGroup;
			children = (
				2EDC0BCF1BA9C9A8004758ED /* ReativeCocoaTests.m */,
				2EDC0BCD1BA9C9A8004758ED /* Supporting Files */,
			);
			path = ReativeCocoaTests;
			sourceTree = "<group>";
		};
		2EDC0BCD1BA9C9A8004758ED /* Supporting Files */ = {
			isa = PBXGroup;
			children = (
				2EDC0BCE1BA9C9A8004758ED /* Info.plist */,
			);
			name = "Supporting Files";
			sourceTree = "<group>";
		};
/* End PBXGroup section */

/* Begin PBXNativeTarget section */
		2EDC0BAF1BA9C9A8004758ED /* ReativeCocoa */ = {
			isa = PBXNativeTarget;
			buildConfigurationList = 2EDC0BD31BA9C9A8004758ED /* Build configuration list for PBXNativeTarget "ReativeCocoa" */;
			buildPhases = (
				2EDC0BAC1BA9C9A8004758ED /* Sources */,
				2EDC0BAD1BA9C9A8004758ED /* Frameworks */,
				2EDC0BAE1BA9C9A8004758ED /* Resources */,
			);
			buildRules = (
			);
			dependencies = (
			);
			name = ReativeCocoa;
			productName = ReativeCocoa;
			productReference = 2EDC0BB01BA9C9A8004758ED /* ReativeCocoa.app */;
			productType = "com.apple.product-type.application";
		};
		2EDC0BC81BA9C9A8004758ED /* ReativeCocoaTests */ = {
			isa = PBXNativeTarget;
			buildConfigurationList = 2EDC0BD61BA9C9A8004758ED /* Build configuration list for PBXNativeTarget "ReativeCocoaTests" */;
			buildPhases = (
				2EDC0BC51BA9C9A8004758ED /* Sources */,
				2EDC0BC61BA9C9A8004758ED /* Frameworks */,
				2EDC0BC71BA9C9A8004758ED /* Resources */,
			);
			buildRules = (
			);
			dependencies = (
				2EDC0BCB1BA9C9A8004758ED /* PBXTargetDependency */,
			);
			name = ReativeCocoaTests;
			productName = ReativeCocoaTests;
			productReference = 2EDC0BC91BA9C9A8004758ED /* ReativeCocoaTests.xctest */;
			productType = "com.apple.product-type.bundle.unit-test";
		};
/* End PBXNativeTarget section */

/* Begin PBXProject section */
		2EDC0BA81BA9C9A8004758ED /* Project object */ = {
			isa = PBXProject;
			attributes = {
				LastUpgradeCheck = 0640;
				ORGANIZATIONNAME = wangjiangjiao;
				TargetAttributes = {
					2EDC0BAF1BA9C9A8004758ED = {
						CreatedOnToolsVersion = 6.4;
					};
					2EDC0BC81BA9C9A8004758ED = {
						CreatedOnToolsVersion = 6.4;
						TestTargetID = 2EDC0BAF1BA9C9A8004758ED;
					};
				};
			};
			buildConfigurationList = 2EDC0BAB1BA9C9A8004758ED /* Build configuration list for PBXProject "ReativeCocoa" */;
			compatibilityVersion = "Xcode 3.2";
			developmentRegion = English;
			hasScannedForEncodings = 0;
			knownRegions = (
				en,
				Base,
			);
			mainGroup = 2EDC0BA71BA9C9A8004758ED;
			productRefGroup = 2EDC0BB11BA9C9A8004758ED /* Products */;
			projectDirPath = "";
			projectRoot = "";
			targets = (
				2EDC0BAF1BA9C9A8004758ED /* ReativeCocoa */,
				2EDC0BC81BA9C9A8004758ED /* ReativeCocoaTests */,
			);
		};
/* End PBXProject section */

/* Begin PBXResourcesBuildPhase section */
		2EDC0BAE1BA9C9A8004758ED /* Resources */ = {
			isa = PBXResourcesBuildPhase;
			buildActionMask = 2147483647;
			files = (
				2EDC0BBF1BA9C9A8004758ED /* Main.storyboard in Resources */,
				2EDC0BC41BA9C9A8004758ED /* LaunchScreen.xib in Resources */,
				2EDC0BC11BA9C9A8004758ED /* Images.xcassets in Resources */,
			);
			runOnlyForDeploymentPostprocessing = 0;
		};
		2EDC0BC71BA9C9A8004758ED /* Resources */ = {
			isa = PBXResourcesBuildPhase;
			buildActionMask = 2147483647;
			files = (
			);
			runOnlyForDeploymentPostprocessing = 0;
		};
/* End PBXResourcesBuildPhase section */

/* Begin PBXSourcesBuildPhase section */
		2EDC0BAC1BA9C9A8004758ED /* Sources */ = {
			isa = PBXSourcesBuildPhase;
			buildActionMask = 2147483647;
			files = (
				2EDC0BBC1BA9C9A8004758ED /* ViewController.m in Sources */,
				2EDC0BB91BA9C9A8004758ED /* AppDelegate.m in Sources */,
				2EDC0BB61BA9C9A8004758ED /* main.m in Sources */,
			);
			runOnlyForDeploymentPostprocessing = 0;
		};
		2EDC0BC51BA9C9A8004758ED /* Sources */ = {
			isa = PBXSourcesBuildPhase;
			buildActionMask = 2147483647;
			files = (
				2EDC0BD01BA9C9A8004758ED /* ReativeCocoaTests.m in Sources */,
			);
			runOnlyForDeploymentPostprocessing = 0;
		};
/* End PBXSourcesBuildPhase section */

/* Begin PBXTargetDependency section */
		2EDC0BCB1BA9C9A8004758ED /* PBXTargetDependency */ = {
			isa = PBXTargetDependency;
			target = 2EDC0BAF1BA9C9A8004758ED /* ReativeCocoa */;
			targetProxy = 2EDC0BCA1BA9C9A8004758ED /* PBXContainerItemProxy */;
		};
/* End PBXTargetDependency section */

/* Begin PBXVariantGroup section */
		2EDC0BBD1BA9C9A8004758ED /* Main.storyboard */ = {
			isa = PBXVariantGroup;
			children = (
				2EDC0BBE1BA9C9A8004758ED /* Base */,
			);
			name = Main.storyboard;
			sourceTree = "<group>";
		};
		2EDC0BC21BA9C9A8004758ED /* LaunchScreen.xib */ = {
			isa = PBXVariantGroup;
			children = (
				2EDC0BC31BA9C9A8004758ED /* Base */,
			);
			name = LaunchScreen.xib;
			sourceTree = "<group>";
		};
/* End PBXVariantGroup section */

/* Begin XCBuildConfiguration section */
		2EDC0BD11BA9C9A8004758ED /* Debug */ = {
			isa = XCBuildConfiguration;
			buildSettings = {
				ALWAYS_SEARCH_USER_PATHS = NO;
				CLANG_CXX_LANGUAGE_STANDARD = "gnu++0x";
				CLANG_CXX_LIBRARY = "libc++";
				CLANG_ENABLE_MODULES = YES;
				CLANG_ENABLE_OBJC_ARC = YES;
				CLANG_WARN_BOOL_CONVERSION = YES;
				CLANG_WARN_CONSTANT_CONVERSION = YES;
				CLANG_WARN_DIRECT_OBJC_ISA_USAGE = YES_ERROR;
				CLANG_WARN_EMPTY_BODY = YES;
				CLANG_WARN_ENUM_CONVERSION = YES;
				CLANG_WARN_INT_CONVERSION = YES;
				CLANG_WARN_OBJC_ROOT_CLASS = YES_ERROR;
				CLANG_WARN_UNREACHABLE_CODE = YES;
				CLANG_WARN__DUPLICATE_METHOD_MATCH = YES;
				"CODE_SIGN_IDENTITY[sdk=iphoneos*]" = "iPhone Developer";
				COPY_PHASE_STRIP = NO;
				DEBUG_INFORMATION_FORMAT = "dwarf-with-dsym";
				ENABLE_STRICT_OBJC_MSGSEND = YES;
				GCC_C_LANGUAGE_STANDARD = gnu99;
				GCC_DYNAMIC_NO_PIC = NO;
				GCC_NO_COMMON_BLOCKS = YES;
				GCC_OPTIMIZATION_LEVEL = 0;
				GCC_PREPROCESSOR_DEFINITIONS = (
					"DEBUG=1",
					"$(inherited)",
				);
				GCC_SYMBOLS_PRIVATE_EXTERN = NO;
				GCC_WARN_64_TO_32_BIT_CONVERSION = YES;
				GCC_WARN_ABOUT_RETURN_TYPE = YES_ERROR;
				GCC_WARN_UNDECLARED_SELECTOR = YES;
				GCC_WARN_UNINITIALIZED_AUTOS = YES_AGGRESSIVE;
				GCC_WARN_UNUSED_FUNCTION = YES;
				GCC_WARN_UNUSED_VARIABLE = YES;
				IPHONEOS_DEPLOYMENT_TARGET = 8.4;
				MTL_ENABLE_DEBUG_INFO = YES;
				ONLY_ACTIVE_ARCH = YES;
				SDKROOT = iphoneos;
				TARGETED_DEVICE_FAMILY = "1,2";
			};
			name = Debug;
		};
		2EDC0BD21BA9C9A8004758ED /* Release */ = {
			isa = XCBuildConfiguration;
			buildSettings = {
				ALWAYS_SEARCH_USER_PATHS = NO;
				CLANG_CXX_LANGUAGE_STANDARD = "gnu++0x";
				CLANG_CXX_LIBRARY = "libc++";
				CLANG_ENABLE_MODULES = YES;
				CLANG_ENABLE_OBJC_ARC = YES;
				CLANG_WARN_BOOL_CONVERSION = YES;
				CLANG_WARN_CONSTANT_CONVERSION = YES;
				CLANG_WARN_DIRECT_OBJC_ISA_USAGE = YES_ERROR;
				CLANG_WARN_EMPTY_BODY = YES;
				CLANG_WARN_ENUM_CONVERSION = YES;
				CLANG_WARN_INT_CONVERSION = YES;
				CLANG_WARN_OBJC_ROOT_CLASS = YES_ERROR;
				CLANG_WARN_UNREACHABLE_CODE = YES;
				CLANG_WARN__DUPLICATE_METHOD_MATCH = YES;
				"CODE_SIGN_IDENTITY[sdk=iphoneos*]" = "iPhone Developer";
				COPY_PHASE_STRIP = NO;
				DEBUG_INFORMATION_FORMAT = "dwarf-with-dsym";
				ENABLE_NS_ASSERTIONS = NO;
				ENABLE_STRICT_OBJC_MSGSEND = YES;
				GCC_C_LANGUAGE_STANDARD = gnu99;
				GCC_NO_COMMON_BLOCKS = YES;
				GCC_WARN_64_TO_32_BIT_CONVERSION = YES;
				GCC_WARN_ABOUT_RETURN_TYPE = YES_ERROR;
				GCC_WARN_UNDECLARED_SELECTOR = YES;
				GCC_WARN_UNINITIALIZED_AUTOS = YES_AGGRESSIVE;
				GCC_WARN_UNUSED_FUNCTION = YES;
				GCC_WARN_UNUSED_VARIABLE = YES;
				IPHONEOS_DEPLOYMENT_TARGET = 8.4;
				MTL_ENABLE_DEBUG_INFO = NO;
				SDKROOT = iphoneos;
				TARGETED_DEVICE_FAMILY = "1,2";
				VALIDATE_PRODUCT = YES;
			};
			name = Release;
		};
		2EDC0BD41BA9C9A8004758ED /* Debug */ = {
			isa = XCBuildConfiguration;
			buildSettings = {
				ASSETCATALOG_COMPILER_APPICON_NAME = AppIcon;
				INFOPLIST_FILE = ReativeCocoa/Info.plist;
				LD_RUNPATH_SEARCH_PATHS = "$(inherited) @executable_path/Frameworks";
				PRODUCT_NAME = "$(TARGET_NAME)";
			};
			name = Debug;
		};
		2EDC0BD51BA9C9A8004758ED /* Release */ = {
			isa = XCBuildConfiguration;
			buildSettings = {
				ASSETCATALOG_COMPILER_APPICON_NAME = AppIcon;
				INFOPLIST_FILE = ReativeCocoa/Info.plist;
				LD_RUNPATH_SEARCH_PATHS = "$(inherited) @executable_path/Frameworks";
				PRODUCT_NAME = "$(TARGET_NAME)";
			};
			name = Release;
		};
		2EDC0BD71BA9C9A8004758ED /* Debug */ = {
			isa = XCBuildConfiguration;
			buildSettings = {
				BUNDLE_LOADER = "$(TEST_HOST)";
				FRAMEWORK_SEARCH_PATHS = (
					"$(SDKROOT)/Developer/Library/Frameworks",
					"$(inherited)",
				);
				GCC_PREPROCESSOR_DEFINITIONS = (
					"DEBUG=1",
					"$(inherited)",
				);
				INFOPLIST_FILE = ReativeCocoaTests/Info.plist;
				LD_RUNPATH_SEARCH_PATHS = "$(inherited) @executable_path/Frameworks @loader_path/Frameworks";
				PRODUCT_NAME = "$(TARGET_NAME)";
				TEST_HOST = "$(BUILT_PRODUCTS_DIR)/ReativeCocoa.app/ReativeCocoa";
			};
			name = Debug;
		};
		2EDC0BD81BA9C9A8004758ED /* Release */ = {
			isa = XCBuildConfiguration;
			buildSettings = {
				BUNDLE_LOADER = "$(TEST_HOST)";
				FRAMEWORK_SEARCH_PATHS = (
					"$(SDKROOT)/Developer/Library/Frameworks",
					"$(inherited)",
				);
				INFOPLIST_FILE = ReativeCocoaTests/Info.plist;
				LD_RUNPATH_SEARCH_PATHS = "$(inherited) @executable_path/Frameworks @loader_path/Frameworks";
				PRODUCT_NAME = "$(TARGET_NAME)";
				TEST_HOST = "$(BUILT_PRODUCTS_DIR)/ReativeCocoa.app/ReativeCocoa";
			};
			name = Release;
		};
/* End XCBuildConfiguration section */

/* Begin XCConfigurationList section */
		2EDC0BAB1BA9C9A8004758ED /* Build configuration list for PBXProject "ReativeCocoa" */ = {
			isa = XCConfigurationList;
			buildConfigurations = (
				2EDC0BD11BA9C9A8004758ED /* Debug */,
				2EDC0BD21BA9C9A8004758ED /* Release */,
			);
			defaultConfigurationIsVisible = 0;
			defaultConfigurationName = Release;
		};
		2EDC0BD31BA9C9A8004758ED /* Build configuration list for PBXNativeTarget "ReativeCocoa" */ = {
			isa = XCConfigurationList;
			buildConfigurations = (
				2EDC0BD41BA9C9A8004758ED /* Debug */,
				2EDC0BD51BA9C9A8004758ED /* Release */,
			);
			defaultConfigurationIsVisible = 0;
		};
		2EDC0BD61BA9C9A8004758ED /* Build configuration list for PBXNativeTarget "ReativeCocoaTests" */ = {
			isa = XCConfigurationList;
			buildConfigurations = (
				2EDC0BD71BA9C9A8004758ED /* Debug */,
				2EDC0BD81BA9C9A8004758ED /* Release */,
			);
			defaultConfigurationIsVisible = 0;
		};
/* End XCConfigurationList section */
	};
	rootObject = 2EDC0BA81BA9C9A8004758ED /* Project object */;
}
