// !$*UTF8*$!
{
	archiveVersion = 1;
	classes = {
	};
	objectVersion = 46;
	objects = {

/* Begin PBXBuildFile section */
		2EE43C5F1BAF06F1001AE51B /* main.m in Sources */ = {isa = PBXBuildFile; fileRef = 2EE43C5E1BAF06F1001AE51B /* main.m */; };
		2EE43C621BAF06F1001AE51B /* AppDelegate.m in Sources */ = {isa = PBXBuildFile; fileRef = 2EE43C611BAF06F1001AE51B /* AppDelegate.m */; };
		2EE43C651BAF06F1001AE51B /* ViewController.m in Sources */ = {isa = PBXBuildFile; fileRef = 2EE43C641BAF06F1001AE51B /* ViewController.m */; };
		2EE43C681BAF06F1001AE51B /* Main.storyboard in Resources */ = {isa = PBXBuildFile; fileRef = 2EE43C661BAF06F1001AE51B /* Main.storyboard */; };
		2EE43C6A1BAF06F1001AE51B /* Images.xcassets in Resources */ = {isa = PBXBuildFile; fileRef = 2EE43C691BAF06F1001AE51B /* Images.xcassets */; };
		2EE43C6D1BAF06F1001AE51B /* LaunchScreen.xib in Resources */ = {isa = PBXBuildFile; fileRef = 2EE43C6B1BAF06F1001AE51B /* LaunchScreen.xib */; };
		2EE43C791BAF06F1001AE51B /* ____Tests.m in Sources */ = {isa = PBXBuildFile; fileRef = 2EE43C781BAF06F1001AE51B /* ____Tests.m */; };
		2EE43C841BAF082B001AE51B /* PThreadClass.m in Sources */ = {isa = PBXBuildFile; fileRef = 2EE43C831BAF082B001AE51B /* PThreadClass.m */; };
/* End PBXBuildFile section */

/* Begin PBXContainerItemProxy section */
		2EE43C731BAF06F1001AE51B /* PBXContainerItemProxy */ = {
			isa = PBXContainerItemProxy;
			containerPortal = 2EE43C511BAF06F1001AE51B /* Project object */;
			proxyType = 1;
			remoteGlobalIDString = 2EE43C581BAF06F1001AE51B;
			remoteInfo = "并发编程";
		};
/* End PBXContainerItemProxy section */

/* Begin PBXFileReference section */
		2EE43C591BAF06F1001AE51B /* 并发编程.app */ = {isa = PBXFileReference; explicitFileType = wrapper.application; includeInIndex = 0; path = "并发编程.app"; sourceTree = BUILT_PRODUCTS_DIR; };
		2EE43C5D1BAF06F1001AE51B /* Info.plist */ = {isa = PBXFileReference; lastKnownFileType = text.plist.xml; path = Info.plist; sourceTree = "<group>"; };
		2EE43C5E1BAF06F1001AE51B /* main.m */ = {isa = PBXFileReference; lastKnownFileType = sourcecode.c.objc; path = main.m; sourceTree = "<group>"; };
		2EE43C601BAF06F1001AE51B /* AppDelegate.h */ = {isa = PBXFileReference; lastKnownFileType = sourcecode.c.h; path = AppDelegate.h; sourceTree = "<group>"; };
		2EE43C611BAF06F1001AE51B /* AppDelegate.m */ = {isa = PBXFileReference; lastKnownFileType = sourcecode.c.objc; path = AppDelegate.m; sourceTree = "<group>"; };
		2EE43C631BAF06F1001AE51B /* ViewController.h */ = {isa = PBXFileReference; lastKnownFileType = sourcecode.c.h; path = ViewController.h; sourceTree = "<group>"; };
		2EE43C641BAF06F1001AE51B /* ViewController.m */ = {isa = PBXFileReference; lastKnownFileType = sourcecode.c.objc; path = ViewController.m; sourceTree = "<group>"; };
		2EE43C671BAF06F1001AE51B /* Base */ = {isa = PBXFileReference; lastKnownFileType = file.storyboard; name = Base; path = Base.lproj/Main.storyboard; sourceTree = "<group>"; };
		2EE43C691BAF06F1001AE51B /* Images.xcassets */ = {isa = PBXFileReference; lastKnownFileType = folder.assetcatalog; path = Images.xcassets; sourceTree = "<group>"; };
		2EE43C6C1BAF06F1001AE51B /* Base */ = {isa = PBXFileReference; lastKnownFileType = file.xib; name = Base; path = Base.lproj/LaunchScreen.xib; sourceTree = "<group>"; };
		2EE43C721BAF06F1001AE51B /* 并发编程Tests.xctest */ = {isa = PBXFileReference; explicitFileType = wrapper.cfbundle; includeInIndex = 0; path = "并发编程Tests.xctest"; sourceTree = BUILT_PRODUCTS_DIR; };
		2EE43C771BAF06F1001AE51B /* Info.plist */ = {isa = PBXFileReference; lastKnownFileType = text.plist.xml; path = Info.plist; sourceTree = "<group>"; };
		2EE43C781BAF06F1001AE51B /* ____Tests.m */ = {isa = PBXFileReference; lastKnownFileType = sourcecode.c.objc; path = "____Tests.m"; sourceTree = "<group>"; };
		2EE43C821BAF082B001AE51B /* PThreadClass.h */ = {isa = PBXFileReference; fileEncoding = 4; lastKnownFileType = sourcecode.c.h; path = PThreadClass.h; sourceTree = "<group>"; };
		2EE43C831BAF082B001AE51B /* PThreadClass.m */ = {isa = PBXFileReference; fileEncoding = 4; lastKnownFileType = sourcecode.c.objc; path = PThreadClass.m; sourceTree = "<group>"; };
/* End PBXFileReference section */

/* Begin PBXFrameworksBuildPhase section */
		2EE43C561BAF06F1001AE51B /* Frameworks */ = {
			isa = PBXFrameworksBuildPhase;
			buildActionMask = 2147483647;
			files = (
			);
			runOnlyForDeploymentPostprocessing = 0;
		};
		2EE43C6F1BAF06F1001AE51B /* Frameworks */ = {
			isa = PBXFrameworksBuildPhase;
			buildActionMask = 2147483647;
			files = (
			);
			runOnlyForDeploymentPostprocessing = 0;
		};
/* End PBXFrameworksBuildPhase section */

/* Begin PBXGroup section */
		2EE43C501BAF06F1001AE51B = {
			isa = PBXGroup;
			children = (
				2EE43C5B1BAF06F1001AE51B /* 并发编程 */,
				2EE43C751BAF06F1001AE51B /* 并发编程Tests */,
				2EE43C5A1BAF06F1001AE51B /* Products */,
			);
			sourceTree = "<group>";
		};
		2EE43C5A1BAF06F1001AE51B /* Products */ = {
			isa = PBXGroup;
			children = (
				2EE43C591BAF06F1001AE51B /* 并发编程.app */,
				2EE43C721BAF06F1001AE51B /* 并发编程Tests.xctest */,
			);
			name = Products;
			sourceTree = "<group>";
		};
		2EE43C5B1BAF06F1001AE51B /* 并发编程 */ = {
			isa = PBXGroup;
			children = (
				2EE43C601BAF06F1001AE51B /* AppDelegate.h */,
				2EE43C611BAF06F1001AE51B /* AppDelegate.m */,
				2EE43C631BAF06F1001AE51B /* ViewController.h */,
				2EE43C641BAF06F1001AE51B /* ViewController.m */,
				2EE43C821BAF082B001AE51B /* PThreadClass.h */,
				2EE43C831BAF082B001AE51B /* PThreadClass.m */,
				2EE43C661BAF06F1001AE51B /* Main.storyboard */,
				2EE43C691BAF06F1001AE51B /* Images.xcassets */,
				2EE43C6B1BAF06F1001AE51B /* LaunchScreen.xib */,
				2EE43C5C1BAF06F1001AE51B /* Supporting Files */,
			);
			path = "并发编程";
			sourceTree = "<group>";
		};
		2EE43C5C1BAF06F1001AE51B /* Supporting Files */ = {
			isa = PBXGroup;
			children = (
				2EE43C5D1BAF06F1001AE51B /* Info.plist */,
				2EE43C5E1BAF06F1001AE51B /* main.m */,
			);
			name = "Supporting Files";
			sourceTree = "<group>";
		};
		2EE43C751BAF06F1001AE51B /* 并发编程Tests */ = {
			isa = PBXGroup;
			children = (
				2EE43C781BAF06F1001AE51B /* ____Tests.m */,
				2EE43C761BAF06F1001AE51B /* Supporting Files */,
			);
			path = "并发编程Tests";
			sourceTree = "<group>";
		};
		2EE43C761BAF06F1001AE51B /* Supporting Files */ = {
			isa = PBXGroup;
			children = (
				2EE43C771BAF06F1001AE51B /* Info.plist */,
			);
			name = "Supporting Files";
			sourceTree = "<group>";
		};
/* End PBXGroup section */

/* Begin PBXNativeTarget section */
		2EE43C581BAF06F1001AE51B /* 并发编程 */ = {
			isa = PBXNativeTarget;
			buildConfigurationList = 2EE43C7C1BAF06F1001AE51B /* Build configuration list for PBXNativeTarget "并发编程" */;
			buildPhases = (
				2EE43C551BAF06F1001AE51B /* Sources */,
				2EE43C561BAF06F1001AE51B /* Frameworks */,
				2EE43C571BAF06F1001AE51B /* Resources */,
			);
			buildRules = (
			);
			dependencies = (
			);
			name = "并发编程";
			productName = "并发编程";
			productReference = 2EE43C591BAF06F1001AE51B /* 并发编程.app */;
			productType = "com.apple.product-type.application";
		};
		2EE43C711BAF06F1001AE51B /* 并发编程Tests */ = {
			isa = PBXNativeTarget;
			buildConfigurationList = 2EE43C7F1BAF06F1001AE51B /* Build configuration list for PBXNativeTarget "并发编程Tests" */;
			buildPhases = (
				2EE43C6E1BAF06F1001AE51B /* Sources */,
				2EE43C6F1BAF06F1001AE51B /* Frameworks */,
				2EE43C701BAF06F1001AE51B /* Resources */,
			);
			buildRules = (
			);
			dependencies = (
				2EE43C741BAF06F1001AE51B /* PBXTargetDependency */,
			);
			name = "并发编程Tests";
			productName = "并发编程Tests";
			productReference = 2EE43C721BAF06F1001AE51B /* 并发编程Tests.xctest */;
			productType = "com.apple.product-type.bundle.unit-test";
		};
/* End PBXNativeTarget section */

/* Begin PBXProject section */
		2EE43C511BAF06F1001AE51B /* Project object */ = {
			isa = PBXProject;
			attributes = {
				LastUpgradeCheck = 0640;
				ORGANIZATIONNAME = wangjiangjiao;
				TargetAttributes = {
					2EE43C581BAF06F1001AE51B = {
						CreatedOnToolsVersion = 6.4;
					};
					2EE43C711BAF06F1001AE51B = {
						CreatedOnToolsVersion = 6.4;
						TestTargetID = 2EE43C581BAF06F1001AE51B;
					};
				};
			};
			buildConfigurationList = 2EE43C541BAF06F1001AE51B /* Build configuration list for PBXProject "并发编程" */;
			compatibilityVersion = "Xcode 3.2";
			developmentRegion = English;
			hasScannedForEncodings = 0;
			knownRegions = (
				en,
				Base,
			);
			mainGroup = 2EE43C501BAF06F1001AE51B;
			productRefGroup = 2EE43C5A1BAF06F1001AE51B /* Products */;
			projectDirPath = "";
			projectRoot = "";
			targets = (
				2EE43C581BAF06F1001AE51B /* 并发编程 */,
				2EE43C711BAF06F1001AE51B /* 并发编程Tests */,
			);
		};
/* End PBXProject section */

/* Begin PBXResourcesBuildPhase section */
		2EE43C571BAF06F1001AE51B /* Resources */ = {
			isa = PBXResourcesBuildPhase;
			buildActionMask = 2147483647;
			files = (
				2EE43C681BAF06F1001AE51B /* Main.storyboard in Resources */,
				2EE43C6D1BAF06F1001AE51B /* LaunchScreen.xib in Resources */,
				2EE43C6A1BAF06F1001AE51B /* Images.xcassets in Resources */,
			);
			runOnlyForDeploymentPostprocessing = 0;
		};
		2EE43C701BAF06F1001AE51B /* Resources */ = {
			isa = PBXResourcesBuildPhase;
			buildActionMask = 2147483647;
			files = (
			);
			runOnlyForDeploymentPostprocessing = 0;
		};
/* End PBXResourcesBuildPhase section */

/* Begin PBXSourcesBuildPhase section */
		2EE43C551BAF06F1001AE51B /* Sources */ = {
			isa = PBXSourcesBuildPhase;
			buildActionMask = 2147483647;
			files = (
				2EE43C651BAF06F1001AE51B /* ViewController.m in Sources */,
				2EE43C621BAF06F1001AE51B /* AppDelegate.m in Sources */,
				2EE43C5F1BAF06F1001AE51B /* main.m in Sources */,
				2EE43C841BAF082B001AE51B /* PThreadClass.m in Sources */,
			);
			runOnlyForDeploymentPostprocessing = 0;
		};
		2EE43C6E1BAF06F1001AE51B /* Sources */ = {
			isa = PBXSourcesBuildPhase;
			buildActionMask = 2147483647;
			files = (
				2EE43C791BAF06F1001AE51B /* ____Tests.m in Sources */,
			);
			runOnlyForDeploymentPostprocessing = 0;
		};
/* End PBXSourcesBuildPhase section */

/* Begin PBXTargetDependency section */
		2EE43C741BAF06F1001AE51B /* PBXTargetDependency */ = {
			isa = PBXTargetDependency;
			target = 2EE43C581BAF06F1001AE51B /* 并发编程 */;
			targetProxy = 2EE43C731BAF06F1001AE51B /* PBXContainerItemProxy */;
		};
/* End PBXTargetDependency section */

/* Begin PBXVariantGroup section */
		2EE43C661BAF06F1001AE51B /* Main.storyboard */ = {
			isa = PBXVariantGroup;
			children = (
				2EE43C671BAF06F1001AE51B /* Base */,
			);
			name = Main.storyboard;
			sourceTree = "<group>";
		};
		2EE43C6B1BAF06F1001AE51B /* LaunchScreen.xib */ = {
			isa = PBXVariantGroup;
			children = (
				2EE43C6C1BAF06F1001AE51B /* Base */,
			);
			name = LaunchScreen.xib;
			sourceTree = "<group>";
		};
/* End PBXVariantGroup section */

/* Begin XCBuildConfiguration section */
		2EE43C7A1BAF06F1001AE51B /* Debug */ = {
			isa = XCBuildConfiguration;
			buildSettings = {
				ALWAYS_SEARCH_USER_PATHS = NO;
				CLANG_CXX_LANGUAGE_STANDARD = "gnu++0x";
				CLANG_CXX_LIBRARY = "libc++";
				CLANG_ENABLE_MODULES = YES;
				CLANG_ENABLE_OBJC_ARC = YES;
				CLANG_WARN_BOOL_CONVERSION = YES;
				CLANG_WARN_CONSTANT_CONVERSION = YES;
				CLANG_WARN_DIRECT_OBJC_ISA_USAGE = YES_ERROR;
				CLANG_WARN_EMPTY_BODY = YES;
				CLANG_WARN_ENUM_CONVERSION = YES;
				CLANG_WARN_INT_CONVERSION = YES;
				CLANG_WARN_OBJC_ROOT_CLASS = YES_ERROR;
				CLANG_WARN_UNREACHABLE_CODE = YES;
				CLANG_WARN__DUPLICATE_METHOD_MATCH = YES;
				"CODE_SIGN_IDENTITY[sdk=iphoneos*]" = "iPhone Developer";
				COPY_PHASE_STRIP = NO;
				DEBUG_INFORMATION_FORMAT = "dwarf-with-dsym";
				ENABLE_STRICT_OBJC_MSGSEND = YES;
				GCC_C_LANGUAGE_STANDARD = gnu99;
				GCC_DYNAMIC_NO_PIC = NO;
				GCC_NO_COMMON_BLOCKS = YES;
				GCC_OPTIMIZATION_LEVEL = 0;
				GCC_PREPROCESSOR_DEFINITIONS = (
					"DEBUG=1",
					"$(inherited)",
				);
				GCC_SYMBOLS_PRIVATE_EXTERN = NO;
				GCC_WARN_64_TO_32_BIT_CONVERSION = YES;
				GCC_WARN_ABOUT_RETURN_TYPE = YES_ERROR;
				GCC_WARN_UNDECLARED_SELECTOR = YES;
				GCC_WARN_UNINITIALIZED_AUTOS = YES_AGGRESSIVE;
				GCC_WARN_UNUSED_FUNCTION = YES;
				GCC_WARN_UNUSED_VARIABLE = YES;
				IPHONEOS_DEPLOYMENT_TARGET = 8.4;
				MTL_ENABLE_DEBUG_INFO = YES;
				ONLY_ACTIVE_ARCH = YES;
				SDKROOT = iphoneos;
				TARGETED_DEVICE_FAMILY = "1,2";
			};
			name = Debug;
		};
		2EE43C7B1BAF06F1001AE51B /* Release */ = {
			isa = XCBuildConfiguration;
			buildSettings = {
				ALWAYS_SEARCH_USER_PATHS = NO;
				CLANG_CXX_LANGUAGE_STANDARD = "gnu++0x";
				CLANG_CXX_LIBRARY = "libc++";
				CLANG_ENABLE_MODULES = YES;
				CLANG_ENABLE_OBJC_ARC = YES;
				CLANG_WARN_BOOL_CONVERSION = YES;
				CLANG_WARN_CONSTANT_CONVERSION = YES;
				CLANG_WARN_DIRECT_OBJC_ISA_USAGE = YES_ERROR;
				CLANG_WARN_EMPTY_BODY = YES;
				CLANG_WARN_ENUM_CONVERSION = YES;
				CLANG_WARN_INT_CONVERSION = YES;
				CLANG_WARN_OBJC_ROOT_CLASS = YES_ERROR;
				CLANG_WARN_UNREACHABLE_CODE = YES;
				CLANG_WARN__DUPLICATE_METHOD_MATCH = YES;
				"CODE_SIGN_IDENTITY[sdk=iphoneos*]" = "iPhone Developer";
				COPY_PHASE_STRIP = NO;
				DEBUG_INFORMATION_FORMAT = "dwarf-with-dsym";
				ENABLE_NS_ASSERTIONS = NO;
				ENABLE_STRICT_OBJC_MSGSEND = YES;
				GCC_C_LANGUAGE_STANDARD = gnu99;
				GCC_NO_COMMON_BLOCKS = YES;
				GCC_WARN_64_TO_32_BIT_CONVERSION = YES;
				GCC_WARN_ABOUT_RETURN_TYPE = YES_ERROR;
				GCC_WARN_UNDECLARED_SELECTOR = YES;
				GCC_WARN_UNINITIALIZED_AUTOS = YES_AGGRESSIVE;
				GCC_WARN_UNUSED_FUNCTION = YES;
				GCC_WARN_UNUSED_VARIABLE = YES;
				IPHONEOS_DEPLOYMENT_TARGET = 8.4;
				MTL_ENABLE_DEBUG_INFO = NO;
				SDKROOT = iphoneos;
				TARGETED_DEVICE_FAMILY = "1,2";
				VALIDATE_PRODUCT = YES;
			};
			name = Release;
		};
		2EE43C7D1BAF06F1001AE51B /* Debug */ = {
			isa = XCBuildConfiguration;
			buildSettings = {
				ASSETCATALOG_COMPILER_APPICON_NAME = AppIcon;
				INFOPLIST_FILE = "并发编程/Info.plist";
				LD_RUNPATH_SEARCH_PATHS = "$(inherited) @executable_path/Frameworks";
				PRODUCT_NAME = "$(TARGET_NAME)";
			};
			name = Debug;
		};
		2EE43C7E1BAF06F1001AE51B /* Release */ = {
			isa = XCBuildConfiguration;
			buildSettings = {
				ASSETCATALOG_COMPILER_APPICON_NAME = AppIcon;
				INFOPLIST_FILE = "并发编程/Info.plist";
				LD_RUNPATH_SEARCH_PATHS = "$(inherited) @executable_path/Frameworks";
				PRODUCT_NAME = "$(TARGET_NAME)";
			};
			name = Release;
		};
		2EE43C801BAF06F1001AE51B /* Debug */ = {
			isa = XCBuildConfiguration;
			buildSettings = {
				BUNDLE_LOADER = "$(TEST_HOST)";
				FRAMEWORK_SEARCH_PATHS = (
					"$(SDKROOT)/Developer/Library/Frameworks",
					"$(inherited)",
				);
				GCC_PREPROCESSOR_DEFINITIONS = (
					"DEBUG=1",
					"$(inherited)",
				);
				INFOPLIST_FILE = "并发编程Tests/Info.plist";
				LD_RUNPATH_SEARCH_PATHS = "$(inherited) @executable_path/Frameworks @loader_path/Frameworks";
				PRODUCT_NAME = "$(TARGET_NAME)";
				TEST_HOST = "$(BUILT_PRODUCTS_DIR)/并发编程.app/并发编程";
			};
			name = Debug;
		};
		2EE43C811BAF06F1001AE51B /* Release */ = {
			isa = XCBuildConfiguration;
			buildSettings = {
				BUNDLE_LOADER = "$(TEST_HOST)";
				FRAMEWORK_SEARCH_PATHS = (
					"$(SDKROOT)/Developer/Library/Frameworks",
					"$(inherited)",
				);
				INFOPLIST_FILE = "并发编程Tests/Info.plist";
				LD_RUNPATH_SEARCH_PATHS = "$(inherited) @executable_path/Frameworks @loader_path/Frameworks";
				PRODUCT_NAME = "$(TARGET_NAME)";
				TEST_HOST = "$(BUILT_PRODUCTS_DIR)/并发编程.app/并发编程";
			};
			name = Release;
		};
/* End XCBuildConfiguration section */

/* Begin XCConfigurationList section */
		2EE43C541BAF06F1001AE51B /* Build configuration list for PBXProject "并发编程" */ = {
			isa = XCConfigurationList;
			buildConfigurations = (
				2EE43C7A1BAF06F1001AE51B /* Debug */,
				2EE43C7B1BAF06F1001AE51B /* Release */,
			);
			defaultConfigurationIsVisible = 0;
			defaultConfigurationName = Release;
		};
		2EE43C7C1BAF06F1001AE51B /* Build configuration list for PBXNativeTarget "并发编程" */ = {
			isa = XCConfigurationList;
			buildConfigurations = (
				2EE43C7D1BAF06F1001AE51B /* Debug */,
				2EE43C7E1BAF06F1001AE51B /* Release */,
			);
			defaultConfigurationIsVisible = 0;
		};
		2EE43C7F1BAF06F1001AE51B /* Build configuration list for PBXNativeTarget "并发编程Tests" */ = {
			isa = XCConfigurationList;
			buildConfigurations = (
				2EE43C801BAF06F1001AE51B /* Debug */,
				2EE43C811BAF06F1001AE51B /* Release */,
			);
			defaultConfigurationIsVisible = 0;
		};
/* End XCConfigurationList section */
	};
	rootObject = 2EE43C511BAF06F1001AE51B /* Project object */;
}
